
Microsoft Visual Studio Solution File, Format Version 12.00
# Visual Studio Version 16
VisualStudioVersion = 16.0.29209.152
MinimumVisualStudioVersion = 10.0.40219.1
Project("{FAE04EC0-301F-11D3-BF4B-00C04F79EFBC}") = "Decorator_Pattern", "Decorator_Pattern\Decorator_Pattern.csproj", "{5DB109A8-13C8-4C50-9F0F-566173B48453}"
EndProject
Global
	GlobalSection(SolutionConfigurationPlatforms) = preSolution
		Debug|Any CPU = Debug|Any CPU
		Release|Any CPU = Release|Any CPU
	EndGlobalSection
	GlobalSection(ProjectConfigurationPlatforms) = postSolution
		{5DB109A8-13C8-4C50-9F0F-566173B48453}.Debug|Any CPU.ActiveCfg = Debug|Any CPU
		{5DB109A8-13C8-4C50-9F0F-566173B48453}.Debug|Any CPU.Build.0 = Debug|Any CPU
		{5DB109A8-13C8-4C50-9F0F-566173B48453}.Release|Any CPU.ActiveCfg = Release|Any CPU
		{5DB109A8-13C8-4C50-9F0F-566173B48453}.Release|Any CPU.Build.0 = Release|Any CPU
	EndGlobalSection
	GlobalSection(SolutionProperties) = preSolution
		HideSolutionNode = FALSE
	EndGlobalSection
	GlobalSection(ExtensibilityGlobals) = postSolution
		SolutionGuid = {A4D1265A-8C3A-4545-838A-52AED3DDEFCF}
	EndGlobalSection
EndGlobal
