
Microsoft Visual Studio Solution File, Format Version 12.00
# Visual Studio Version 16
VisualStudioVersion = 16.0.29319.158
MinimumVisualStudioVersion = 10.0.40219.1
Project("{FAE04EC0-301F-11D3-BF4B-00C04F79EFBC}") = "Iterator_Pattern", "Iterator_Pattern\Iterator_Pattern.csproj", "{9FB920F5-C607-4F01-BACC-033431E8CDAD}"
EndProject
Global
	GlobalSection(SolutionConfigurationPlatforms) = preSolution
		Debug|Any CPU = Debug|Any CPU
		Release|Any CPU = Release|Any CPU
	EndGlobalSection
	GlobalSection(ProjectConfigurationPlatforms) = postSolution
		{9FB920F5-C607-4F01-BACC-033431E8CDAD}.Debug|Any CPU.ActiveCfg = Debug|Any CPU
		{9FB920F5-C607-4F01-BACC-033431E8CDAD}.Debug|Any CPU.Build.0 = Debug|Any CPU
		{9FB920F5-C607-4F01-BACC-033431E8CDAD}.Release|Any CPU.ActiveCfg = Release|Any CPU
		{9FB920F5-C607-4F01-BACC-033431E8CDAD}.Release|Any CPU.Build.0 = Release|Any CPU
	EndGlobalSection
	GlobalSection(SolutionProperties) = preSolution
		HideSolutionNode = FALSE
	EndGlobalSection
	GlobalSection(ExtensibilityGlobals) = postSolution
		SolutionGuid = {31DBB361-0B77-4ABF-A7F2-75A86B282296}
	EndGlobalSection
EndGlobal
