
Microsoft Visual Studio Solution File, Format Version 12.00
# Visual Studio Version 16
VisualStudioVersion = 16.0.29319.158
MinimumVisualStudioVersion = 10.0.40219.1
Project("{FAE04EC0-301F-11D3-BF4B-00C04F79EFBC}") = "Template_Method_Pattern", "Template_Method_Pattern\Template_Method_Pattern.csproj", "{647E6A90-721F-4702-9D35-81D102976988}"
EndProject
Global
	GlobalSection(SolutionConfigurationPlatforms) = preSolution
		Debug|Any CPU = Debug|Any CPU
		Release|Any CPU = Release|Any CPU
	EndGlobalSection
	GlobalSection(ProjectConfigurationPlatforms) = postSolution
		{647E6A90-721F-4702-9D35-81D102976988}.Debug|Any CPU.ActiveCfg = Debug|Any CPU
		{647E6A90-721F-4702-9D35-81D102976988}.Debug|Any CPU.Build.0 = Debug|Any CPU
		{647E6A90-721F-4702-9D35-81D102976988}.Release|Any CPU.ActiveCfg = Release|Any CPU
		{647E6A90-721F-4702-9D35-81D102976988}.Release|Any CPU.Build.0 = Release|Any CPU
	EndGlobalSection
	GlobalSection(SolutionProperties) = preSolution
		HideSolutionNode = FALSE
	EndGlobalSection
	GlobalSection(ExtensibilityGlobals) = postSolution
		SolutionGuid = {245B2AF7-BF6F-4D9C-8E9B-AE70FC0E3CA9}
	EndGlobalSection
EndGlobal
