
Microsoft Visual Studio Solution File, Format Version 12.00
# Visual Studio Version 16
VisualStudioVersion = 16.0.29209.152
MinimumVisualStudioVersion = 10.0.40219.1
Project("{FAE04EC0-301F-11D3-BF4B-00C04F79EFBC}") = "Facade_Pattern", "Facade_Pattern\Facade_Pattern.csproj", "{BF021AA4-001C-4E70-BA79-A472FB1CE673}"
EndProject
Global
	GlobalSection(SolutionConfigurationPlatforms) = preSolution
		Debug|Any CPU = Debug|Any CPU
		Release|Any CPU = Release|Any CPU
	EndGlobalSection
	GlobalSection(ProjectConfigurationPlatforms) = postSolution
		{BF021AA4-001C-4E70-BA79-A472FB1CE673}.Debug|Any CPU.ActiveCfg = Debug|Any CPU
		{BF021AA4-001C-4E70-BA79-A472FB1CE673}.Debug|Any CPU.Build.0 = Debug|Any CPU
		{BF021AA4-001C-4E70-BA79-A472FB1CE673}.Release|Any CPU.ActiveCfg = Release|Any CPU
		{BF021AA4-001C-4E70-BA79-A472FB1CE673}.Release|Any CPU.Build.0 = Release|Any CPU
	EndGlobalSection
	GlobalSection(SolutionProperties) = preSolution
		HideSolutionNode = FALSE
	EndGlobalSection
	GlobalSection(ExtensibilityGlobals) = postSolution
		SolutionGuid = {3E27AE0C-E395-490C-867C-D963089CE546}
	EndGlobalSection
EndGlobal
